
Microsoft Visual Studio Solution File, Format Version 12.00
# Visual Studio Version 17
VisualStudioVersion = 17.1.32113.165
MinimumVisualStudioVersion = 10.0.40219.1
Project("{FAE04EC0-301F-11D3-BF4B-00C04F79EFBC}") = "AutoTikTok", "AutoTikTok\AutoTikTok.csproj", "{6B66184F-BE6F-47F8-8AA9-6ECD35B4B0E8}"
EndProject
Global
	GlobalSection(SolutionConfigurationPlatforms) = preSolution
		Debug|Any CPU = Debug|Any CPU
		Release|Any CPU = Release|Any CPU
	EndGlobalSection
	GlobalSection(ProjectConfigurationPlatforms) = postSolution
		{6B66184F-BE6F-47F8-8AA9-6ECD35B4B0E8}.Debug|Any CPU.ActiveCfg = Debug|Any CPU
		{6B66184F-BE6F-47F8-8AA9-6ECD35B4B0E8}.Debug|Any CPU.Build.0 = Debug|Any CPU
		{6B66184F-BE6F-47F8-8AA9-6ECD35B4B0E8}.Release|Any CPU.ActiveCfg = Release|Any CPU
		{6B66184F-BE6F-47F8-8AA9-6ECD35B4B0E8}.Release|Any CPU.Build.0 = Release|Any CPU
	EndGlobalSection
	GlobalSection(SolutionProperties) = preSolution
		HideSolutionNode = FALSE
	EndGlobalSection
	GlobalSection(ExtensibilityGlobals) = postSolution
		SolutionGuid = {A5A4DB90-BD7C-4760-A51E-D7898D1C33D8}
	EndGlobalSection
EndGlobal
